
Microsoft Visual Studio Solution File, Format Version 12.00
# Visual Studio 2015
Project("{FAE04EC0-301F-11D3-BF4B-00C04F79EFBC}") = "Nuts-for-Winter", "Nuts-for-Winter.csproj", "{693C2D06-5A1F-F252-43F8-8B9133FC761A}"
EndProject
Global
	GlobalSection(SolutionConfigurationPlatforms) = preSolution
		Debug|Any CPU = Debug|Any CPU
		Release|Any CPU = Release|Any CPU
	EndGlobalSection
	GlobalSection(ProjectConfigurationPlatforms) = postSolution
		{693C2D06-5A1F-F252-43F8-8B9133FC761A}.Debug|Any CPU.ActiveCfg = Debug|Any CPU
		{693C2D06-5A1F-F252-43F8-8B9133FC761A}.Debug|Any CPU.Build.0 = Debug|Any CPU
		{693C2D06-5A1F-F252-43F8-8B9133FC761A}.Release|Any CPU.ActiveCfg = Release|Any CPU
		{693C2D06-5A1F-F252-43F8-8B9133FC761A}.Release|Any CPU.Build.0 = Release|Any CPU
	EndGlobalSection
	GlobalSection(SolutionProperties) = preSolution
		HideSolutionNode = FALSE
	EndGlobalSection
EndGlobal
